<?xml version="1.0" encoding="utf-8"?>
<Project ToolsVersion="4.0" xmlns="http://schemas.microsoft.com/developer/msbuild/2003">
  <ItemGroup>
    <None Include="packages.config" />
  </ItemGroup>
  <ItemGroup>
    <ClCompile Include="main.cpp" />
    <ClCompile Include="GameObject.cpp">
      <Filter>Engine</Filter>
    </ClCompile>
    <ClCompile Include="Audio.cpp">
      <Filter>Audio</Filter>
    </ClCompile>
    <ClCompile Include="Component.cpp">
      <Filter>Components</Filter>
    </ClCompile>
    <ClCompile Include="Engine.cpp">
      <Filter>Engine</Filter>
    </ClCompile>
    <ClCompile Include="Collider.cpp">
      <Filter>Components</Filter>
    </ClCompile>
    <ClCompile Include="EventSystem.cpp">
      <Filter>Events</Filter>
    </ClCompile>
    <ClCompile Include="Utilities.cpp" />
    <ClCompile Include="InputController.cpp">
      <Filter>Input</Filter>
    </ClCompile>
  </ItemGroup>
  <ItemGroup>
    <Filter Include="Utility">
      <UniqueIdentifier>{4d9ff77c-fc45-4f63-9581-d743222446a7}</UniqueIdentifier>
    </Filter>
    <Filter Include="Audio">
      <UniqueIdentifier>{dfc28063-8b24-4520-956b-bc499cd56928}</UniqueIdentifier>
    </Filter>
    <Filter Include="Components">
      <UniqueIdentifier>{cfaa34c2-6d76-4b7b-963f-dc0315805fdf}</UniqueIdentifier>
    </Filter>
    <Filter Include="Engine">
      <UniqueIdentifier>{16c41ba6-4f42-4269-b580-dc2f346400f1}</UniqueIdentifier>
    </Filter>
    <Filter Include="Events">
      <UniqueIdentifier>{68ecb0b4-edf6-40ab-9492-cc492b4f5e51}</UniqueIdentifier>
    </Filter>
    <Filter Include="Input">
      <UniqueIdentifier>{bdb1d868-9401-43cc-84c4-f452c5f38400}</UniqueIdentifier>
    </Filter>
  </ItemGroup>
  <ItemGroup>
    <ClInclude Include="GameObject.h">
      <Filter>Engine</Filter>
    </ClInclude>
    <ClInclude Include="Audio.h">
      <Filter>Audio</Filter>
    </ClInclude>
    <ClInclude Include="Globals.h" />
    <ClInclude Include="RandomEngine.h">
      <Filter>Utility</Filter>
    </ClInclude>
    <ClInclude Include="Component.h">
      <Filter>Components</Filter>
    </ClInclude>
    <ClInclude Include="Engine.h">
      <Filter>Engine</Filter>
    </ClInclude>
    <ClInclude Include="Collider.h">
      <Filter>Components</Filter>
    </ClInclude>
    <ClInclude Include="EventSystem.h">
      <Filter>Events</Filter>
    </ClInclude>
    <ClInclude Include="Utilities.h" />
    <ClInclude Include="InputController.h">
      <Filter>Input</Filter>
    </ClInclude>
  </ItemGroup>
</Project>